github.com/nunocoracao/blowfish/v2 v2.43.0 h1:5ZNyvpRjMxsKBxizkacWeX+6hwDkVMgH6E7Bg0j+lic=
github.com/nunocoracao/blowfish/v2 v2.43.0/go.mod h1:4SkMc+Ht8gpQCwArqiHMBDP3soxi2OWuAhVney+cuyk=
github.com/nunocoracao/blowfish/v2 v2.70.0 h1:xYYPqkEevP7bHiHn3eWSd06fhB3LU0Th1d1b7tD0oro=
github.com/nunocoracao/blowfish/v2 v2.70.0/go.mod h1:4SkMc+Ht8gpQCwArqiHMBDP3soxi2OWuAhVney+cuyk=
github.com/nunocoracao/blowfish/v2 v2.85.1 h1:+wdHZ6kozmybTprY8RHFdumeg4lB8r5xmRy2FfQcweo=
github.com/nunocoracao/blowfish/v2 v2.85.1/go.mod h1:4SkMc+Ht8gpQCwArqiHMBDP3soxi2OWuAhVney+cuyk=
github.com/nunocoracao/blowfish/v2 v2.92.0 h1:1EgHMRaY6VI438TIAN/5luNx16lg1e0Lrbi+6kDxpdA=
github.com/nunocoracao/blowfish/v2 v2.92.0/go.mod h1:4SkMc+Ht8gpQCwArqiHMBDP3soxi2OWuAhVney+cuyk=
